
Microsoft Visual Studio Solution File, Format Version 12.00
# Visual Studio Version 17
VisualStudioVersion = 17.0.31521.260
MinimumVisualStudioVersion = 10.0.40219.1
Project("{9A19103F-16F7-4668-BE54-9A1E7A4F7556}") = "Explore", "Explore\Explore.csproj", "{94F47FCB-0950-4854-A45A-5883A5B28E9E}"
EndProject
Project("{9A19103F-16F7-4668-BE54-9A1E7A4F7556}") = "MapGen", "MapGen\MapGen.csproj", "{6BB10419-E598-453D-904B-92B713E018DE}"
EndProject
Project("{FAE04EC0-301F-11D3-BF4B-00C04F79EFBC}") = "MapGenTests", "..\tests\MapGenTests\MapGenTests.csproj", "{ADB10EC5-669B-4CC0-8C0C-806B99E28FF5}"
EndProject
Global
	GlobalSection(SolutionConfigurationPlatforms) = preSolution
		Debug|Any CPU = Debug|Any CPU
		Debug|x64 = Debug|x64
		Release|Any CPU = Release|Any CPU
		Release|x64 = Release|x64
	EndGlobalSection
	GlobalSection(ProjectConfigurationPlatforms) = postSolution
		{94F47FCB-0950-4854-A45A-5883A5B28E9E}.Debug|Any CPU.ActiveCfg = Debug|Any CPU
		{94F47FCB-0950-4854-A45A-5883A5B28E9E}.Debug|Any CPU.Build.0 = Debug|Any CPU
		{94F47FCB-0950-4854-A45A-5883A5B28E9E}.Debug|x64.ActiveCfg = Debug|x64
		{94F47FCB-0950-4854-A45A-5883A5B28E9E}.Debug|x64.Build.0 = Debug|x64
		{94F47FCB-0950-4854-A45A-5883A5B28E9E}.Release|Any CPU.ActiveCfg = Release|Any CPU
		{94F47FCB-0950-4854-A45A-5883A5B28E9E}.Release|Any CPU.Build.0 = Release|Any CPU
		{94F47FCB-0950-4854-A45A-5883A5B28E9E}.Release|x64.ActiveCfg = Release|x64
		{94F47FCB-0950-4854-A45A-5883A5B28E9E}.Release|x64.Build.0 = Release|x64
		{6BB10419-E598-453D-904B-92B713E018DE}.Debug|Any CPU.ActiveCfg = Debug|Any CPU
		{6BB10419-E598-453D-904B-92B713E018DE}.Debug|Any CPU.Build.0 = Debug|Any CPU
		{6BB10419-E598-453D-904B-92B713E018DE}.Debug|x64.ActiveCfg = Debug|Any CPU
		{6BB10419-E598-453D-904B-92B713E018DE}.Debug|x64.Build.0 = Debug|Any CPU
		{6BB10419-E598-453D-904B-92B713E018DE}.Release|Any CPU.ActiveCfg = Release|Any CPU
		{6BB10419-E598-453D-904B-92B713E018DE}.Release|Any CPU.Build.0 = Release|Any CPU
		{6BB10419-E598-453D-904B-92B713E018DE}.Release|x64.ActiveCfg = Release|Any CPU
		{6BB10419-E598-453D-904B-92B713E018DE}.Release|x64.Build.0 = Release|Any CPU
		{ADB10EC5-669B-4CC0-8C0C-806B99E28FF5}.Debug|Any CPU.ActiveCfg = Debug|Any CPU
		{ADB10EC5-669B-4CC0-8C0C-806B99E28FF5}.Debug|Any CPU.Build.0 = Debug|Any CPU
		{ADB10EC5-669B-4CC0-8C0C-806B99E28FF5}.Debug|x64.ActiveCfg = Debug|Any CPU
		{ADB10EC5-669B-4CC0-8C0C-806B99E28FF5}.Debug|x64.Build.0 = Debug|Any CPU
		{ADB10EC5-669B-4CC0-8C0C-806B99E28FF5}.Release|Any CPU.ActiveCfg = Release|Any CPU
		{ADB10EC5-669B-4CC0-8C0C-806B99E28FF5}.Release|Any CPU.Build.0 = Release|Any CPU
		{ADB10EC5-669B-4CC0-8C0C-806B99E28FF5}.Release|x64.ActiveCfg = Release|Any CPU
		{ADB10EC5-669B-4CC0-8C0C-806B99E28FF5}.Release|x64.Build.0 = Release|Any CPU
	EndGlobalSection
	GlobalSection(SolutionProperties) = preSolution
		HideSolutionNode = FALSE
	EndGlobalSection
	GlobalSection(ExtensibilityGlobals) = postSolution
		SolutionGuid = {CE86F7C1-001F-416F-9080-368F32EFDFDE}
	EndGlobalSection
EndGlobal
